
Microsoft Visual Studio Solution File, Format Version 12.00
# Visual Studio Version 16
VisualStudioVersion = 16.0.30330.147
MinimumVisualStudioVersion = 10.0.40219.1
Project("{FAE04EC0-301F-11D3-BF4B-00C04F79EFBC}") = "MobillsChallengeAPI", "MobillsChallenge\MobillsChallengeAPI.csproj", "{C802EAE4-5260-479A-AFA5-37E7D926EBDC}"
EndProject
Global
	GlobalSection(SolutionConfigurationPlatforms) = preSolution
		Debug|Any CPU = Debug|Any CPU
		Release|Any CPU = Release|Any CPU
	EndGlobalSection
	GlobalSection(ProjectConfigurationPlatforms) = postSolution
		{C802EAE4-5260-479A-AFA5-37E7D926EBDC}.Debug|Any CPU.ActiveCfg = Debug|Any CPU
		{C802EAE4-5260-479A-AFA5-37E7D926EBDC}.Debug|Any CPU.Build.0 = Debug|Any CPU
		{C802EAE4-5260-479A-AFA5-37E7D926EBDC}.Release|Any CPU.ActiveCfg = Release|Any CPU
		{C802EAE4-5260-479A-AFA5-37E7D926EBDC}.Release|Any CPU.Build.0 = Release|Any CPU
	EndGlobalSection
	GlobalSection(SolutionProperties) = preSolution
		HideSolutionNode = FALSE
	EndGlobalSection
	GlobalSection(ExtensibilityGlobals) = postSolution
		SolutionGuid = {FDE37F7D-DBA7-4033-B64E-99344513D7D2}
	EndGlobalSection
EndGlobal
